
Microsoft Visual Studio Solution File, Format Version 12.00
# Visual Studio Version 17
VisualStudioVersion = 17.14.36518.9
MinimumVisualStudioVersion = 10.0.40219.1
Project("{2150E333-8FDC-42A3-9474-1A3956D46DE8}") = "server", "server", "{02EA681E-C7D8-13C7-8484-4AC65E1B71E8}"
EndProject
Project("{2150E333-8FDC-42A3-9474-1A3956D46DE8}") = "clients", "clients", "{E67B402B-8B7E-401A-923D-06FBF539DF06}"
EndProject
Project("{2150E333-8FDC-42A3-9474-1A3956D46DE8}") = "test", "test", "{A5A7AF05-1003-4B2C-B096-B2C4B6FE039D}"
EndProject
Project("{2150E333-8FDC-42A3-9474-1A3956D46DE8}") = "src", "src", "{092D3DBE-F916-4B17-9D71-546E3E33C250}"
EndProject
Project("{2150E333-8FDC-42A3-9474-1A3956D46DE8}") = "desktop", "desktop", "{94C7D738-0C10-45DB-A367-6C59AA0C19A6}"
EndProject
Project("{2150E333-8FDC-42A3-9474-1A3956D46DE8}") = "web", "web", "{7D33D8C0-CCFD-4D07-A0B9-C1E26078B7E2}"
EndProject
Project("{2150E333-8FDC-42A3-9474-1A3956D46DE8}") = "mobile", "mobile", "{3D88D2C2-6BEB-4DCA-9A78-379EBCAFC7EC}"
EndProject
Project("{FAE04EC0-301F-11D3-BF4B-00C04F79EFBC}") = "FastVocab.API", "server\src\FastVocab.API\FastVocab.API.csproj", "{865F01FA-A981-480C-83F1-49D7CAA6E925}"
EndProject
Project("{FAE04EC0-301F-11D3-BF4B-00C04F79EFBC}") = "FastVocab.Domain", "server\src\FastVocab.Domain\FastVocab.Domain.csproj", "{C91CD019-8F3F-4A4D-84DD-0D0437FAA092}"
EndProject
Project("{FAE04EC0-301F-11D3-BF4B-00C04F79EFBC}") = "FastVocab.Application", "server\src\FastVocab.Application\FastVocab.Application.csproj", "{0D9F0D63-BBAB-45DD-B0ED-C0679E6F8C84}"
EndProject
Project("{FAE04EC0-301F-11D3-BF4B-00C04F79EFBC}") = "FastVocab.Infrastructure", "server\src\FastVocab.Infrastructure\FastVocab.Infrastructure.csproj", "{96C0A3BB-4503-4DB5-8E55-FD7A87ED8CEF}"
EndProject
Project("{FAE04EC0-301F-11D3-BF4B-00C04F79EFBC}") = "FastVocab.DesktopApp", "clients\desktop\FastVocab.DesktopApp\FastVocab.DesktopApp.csproj", "{42395AB3-FE97-4041-996D-5E30C94C8E6C}"
EndProject
Project("{FAE04EC0-301F-11D3-BF4B-00C04F79EFBC}") = "FastVocab.BlazorWebApp", "clients\web\FastVocab.BlazorWebApp\FastVocab.BlazorWebApp.csproj", "{9EBF074D-4F05-4E35-AAC1-C69467FE1660}"
EndProject
Project("{FAE04EC0-301F-11D3-BF4B-00C04F79EFBC}") = "FastVocab.Shared", "server\src\FastVocab.Shared\FastVocab.Shared.csproj", "{19277256-9718-4609-ACF2-210218F4FB31}"
EndProject
Project("{FAE04EC0-301F-11D3-BF4B-00C04F79EFBC}") = "FastVocab.Domain.Test", "server\test\FastVocab.Domain.Test\FastVocab.Domain.Test.csproj", "{56B46EC3-9D03-4A22-89C3-B15FA7BBF7B9}"
EndProject
Project("{FAE04EC0-301F-11D3-BF4B-00C04F79EFBC}") = "FastVocab.Application.Test", "server\test\FastVocab.Application.Test\FastVocab.Application.Test.csproj", "{107495C7-05E5-4BBF-BD71-AB44E38B4E6B}"
EndProject
Project("{FAE04EC0-301F-11D3-BF4B-00C04F79EFBC}") = "FastVocab.API.Test", "server\test\FastVocab.API.Test\FastVocab.API.Test.csproj", "{910589D6-2644-4A2A-9B90-366234BE266E}"
EndProject
Project("{FAE04EC0-301F-11D3-BF4B-00C04F79EFBC}") = "FastVocab.Infrastructure.Test", "server\test\FastVocab.Infrastructure.Test\FastVocab.Infrastructure.Test.csproj", "{53292BEB-84D1-4E6F-99A3-21E736BEF52E}"
EndProject
Global
	GlobalSection(SolutionConfigurationPlatforms) = preSolution
		Debug|Any CPU = Debug|Any CPU
		Release|Any CPU = Release|Any CPU
	EndGlobalSection
	GlobalSection(ProjectConfigurationPlatforms) = postSolution
		{865F01FA-A981-480C-83F1-49D7CAA6E925}.Debug|Any CPU.ActiveCfg = Debug|Any CPU
		{865F01FA-A981-480C-83F1-49D7CAA6E925}.Debug|Any CPU.Build.0 = Debug|Any CPU
		{865F01FA-A981-480C-83F1-49D7CAA6E925}.Release|Any CPU.ActiveCfg = Release|Any CPU
		{865F01FA-A981-480C-83F1-49D7CAA6E925}.Release|Any CPU.Build.0 = Release|Any CPU
		{C91CD019-8F3F-4A4D-84DD-0D0437FAA092}.Debug|Any CPU.ActiveCfg = Debug|Any CPU
		{C91CD019-8F3F-4A4D-84DD-0D0437FAA092}.Debug|Any CPU.Build.0 = Debug|Any CPU
		{C91CD019-8F3F-4A4D-84DD-0D0437FAA092}.Release|Any CPU.ActiveCfg = Release|Any CPU
		{C91CD019-8F3F-4A4D-84DD-0D0437FAA092}.Release|Any CPU.Build.0 = Release|Any CPU
		{0D9F0D63-BBAB-45DD-B0ED-C0679E6F8C84}.Debug|Any CPU.ActiveCfg = Debug|Any CPU
		{0D9F0D63-BBAB-45DD-B0ED-C0679E6F8C84}.Debug|Any CPU.Build.0 = Debug|Any CPU
		{0D9F0D63-BBAB-45DD-B0ED-C0679E6F8C84}.Release|Any CPU.ActiveCfg = Release|Any CPU
		{0D9F0D63-BBAB-45DD-B0ED-C0679E6F8C84}.Release|Any CPU.Build.0 = Release|Any CPU
		{96C0A3BB-4503-4DB5-8E55-FD7A87ED8CEF}.Debug|Any CPU.ActiveCfg = Debug|Any CPU
		{96C0A3BB-4503-4DB5-8E55-FD7A87ED8CEF}.Debug|Any CPU.Build.0 = Debug|Any CPU
		{96C0A3BB-4503-4DB5-8E55-FD7A87ED8CEF}.Release|Any CPU.ActiveCfg = Release|Any CPU
		{96C0A3BB-4503-4DB5-8E55-FD7A87ED8CEF}.Release|Any CPU.Build.0 = Release|Any CPU
		{42395AB3-FE97-4041-996D-5E30C94C8E6C}.Debug|Any CPU.ActiveCfg = Debug|Any CPU
		{42395AB3-FE97-4041-996D-5E30C94C8E6C}.Debug|Any CPU.Build.0 = Debug|Any CPU
		{42395AB3-FE97-4041-996D-5E30C94C8E6C}.Release|Any CPU.ActiveCfg = Release|Any CPU
		{42395AB3-FE97-4041-996D-5E30C94C8E6C}.Release|Any CPU.Build.0 = Release|Any CPU
		{9EBF074D-4F05-4E35-AAC1-C69467FE1660}.Debug|Any CPU.ActiveCfg = Debug|Any CPU
		{9EBF074D-4F05-4E35-AAC1-C69467FE1660}.Debug|Any CPU.Build.0 = Debug|Any CPU
		{9EBF074D-4F05-4E35-AAC1-C69467FE1660}.Release|Any CPU.ActiveCfg = Release|Any CPU
		{9EBF074D-4F05-4E35-AAC1-C69467FE1660}.Release|Any CPU.Build.0 = Release|Any CPU
		{19277256-9718-4609-ACF2-210218F4FB31}.Debug|Any CPU.ActiveCfg = Debug|Any CPU
		{19277256-9718-4609-ACF2-210218F4FB31}.Debug|Any CPU.Build.0 = Debug|Any CPU
		{19277256-9718-4609-ACF2-210218F4FB31}.Release|Any CPU.ActiveCfg = Release|Any CPU
		{19277256-9718-4609-ACF2-210218F4FB31}.Release|Any CPU.Build.0 = Release|Any CPU
		{56B46EC3-9D03-4A22-89C3-B15FA7BBF7B9}.Debug|Any CPU.ActiveCfg = Debug|Any CPU
		{56B46EC3-9D03-4A22-89C3-B15FA7BBF7B9}.Debug|Any CPU.Build.0 = Debug|Any CPU
		{56B46EC3-9D03-4A22-89C3-B15FA7BBF7B9}.Release|Any CPU.ActiveCfg = Release|Any CPU
		{56B46EC3-9D03-4A22-89C3-B15FA7BBF7B9}.Release|Any CPU.Build.0 = Release|Any CPU
		{107495C7-05E5-4BBF-BD71-AB44E38B4E6B}.Debug|Any CPU.ActiveCfg = Debug|Any CPU
		{107495C7-05E5-4BBF-BD71-AB44E38B4E6B}.Debug|Any CPU.Build.0 = Debug|Any CPU
		{107495C7-05E5-4BBF-BD71-AB44E38B4E6B}.Release|Any CPU.ActiveCfg = Release|Any CPU
		{107495C7-05E5-4BBF-BD71-AB44E38B4E6B}.Release|Any CPU.Build.0 = Release|Any CPU
		{910589D6-2644-4A2A-9B90-366234BE266E}.Debug|Any CPU.ActiveCfg = Debug|Any CPU
		{910589D6-2644-4A2A-9B90-366234BE266E}.Debug|Any CPU.Build.0 = Debug|Any CPU
		{910589D6-2644-4A2A-9B90-366234BE266E}.Release|Any CPU.ActiveCfg = Release|Any CPU
		{910589D6-2644-4A2A-9B90-366234BE266E}.Release|Any CPU.Build.0 = Release|Any CPU
		{53292BEB-84D1-4E6F-99A3-21E736BEF52E}.Debug|Any CPU.ActiveCfg = Debug|Any CPU
		{53292BEB-84D1-4E6F-99A3-21E736BEF52E}.Debug|Any CPU.Build.0 = Debug|Any CPU
		{53292BEB-84D1-4E6F-99A3-21E736BEF52E}.Release|Any CPU.ActiveCfg = Release|Any CPU
		{53292BEB-84D1-4E6F-99A3-21E736BEF52E}.Release|Any CPU.Build.0 = Release|Any CPU
	EndGlobalSection
	GlobalSection(SolutionProperties) = preSolution
		HideSolutionNode = FALSE
	EndGlobalSection
	GlobalSection(NestedProjects) = preSolution
		{A5A7AF05-1003-4B2C-B096-B2C4B6FE039D} = {02EA681E-C7D8-13C7-8484-4AC65E1B71E8}
		{092D3DBE-F916-4B17-9D71-546E3E33C250} = {02EA681E-C7D8-13C7-8484-4AC65E1B71E8}
		{94C7D738-0C10-45DB-A367-6C59AA0C19A6} = {E67B402B-8B7E-401A-923D-06FBF539DF06}
		{7D33D8C0-CCFD-4D07-A0B9-C1E26078B7E2} = {E67B402B-8B7E-401A-923D-06FBF539DF06}
		{3D88D2C2-6BEB-4DCA-9A78-379EBCAFC7EC} = {E67B402B-8B7E-401A-923D-06FBF539DF06}
		{865F01FA-A981-480C-83F1-49D7CAA6E925} = {092D3DBE-F916-4B17-9D71-546E3E33C250}
		{C91CD019-8F3F-4A4D-84DD-0D0437FAA092} = {092D3DBE-F916-4B17-9D71-546E3E33C250}
		{0D9F0D63-BBAB-45DD-B0ED-C0679E6F8C84} = {092D3DBE-F916-4B17-9D71-546E3E33C250}
		{96C0A3BB-4503-4DB5-8E55-FD7A87ED8CEF} = {092D3DBE-F916-4B17-9D71-546E3E33C250}
		{42395AB3-FE97-4041-996D-5E30C94C8E6C} = {94C7D738-0C10-45DB-A367-6C59AA0C19A6}
		{9EBF074D-4F05-4E35-AAC1-C69467FE1660} = {7D33D8C0-CCFD-4D07-A0B9-C1E26078B7E2}
		{19277256-9718-4609-ACF2-210218F4FB31} = {092D3DBE-F916-4B17-9D71-546E3E33C250}
		{56B46EC3-9D03-4A22-89C3-B15FA7BBF7B9} = {A5A7AF05-1003-4B2C-B096-B2C4B6FE039D}
		{107495C7-05E5-4BBF-BD71-AB44E38B4E6B} = {A5A7AF05-1003-4B2C-B096-B2C4B6FE039D}
		{910589D6-2644-4A2A-9B90-366234BE266E} = {A5A7AF05-1003-4B2C-B096-B2C4B6FE039D}
		{53292BEB-84D1-4E6F-99A3-21E736BEF52E} = {A5A7AF05-1003-4B2C-B096-B2C4B6FE039D}
	EndGlobalSection
	GlobalSection(ExtensibilityGlobals) = postSolution
		SolutionGuid = {E6B5F33B-26E0-4AED-9EAC-0BE82EC1FB5E}
	EndGlobalSection
EndGlobal
